
Microsoft Visual Studio Solution File, Format Version 12.00
# Visual Studio Version 16
VisualStudioVersion = 16.0.28922.388
MinimumVisualStudioVersion = 10.0.40219.1
Project("{9A19103F-16F7-4668-BE54-9A1E7A4F7556}") = "DevInterviewCodeTest.Tests", "DevInterviewCodeTest.Tests\DevInterviewCodeTest.Tests.csproj", "{F47E9EE2-CB39-4A00-A999-39A5F5ED629B}"
EndProject
Project("{9A19103F-16F7-4668-BE54-9A1E7A4F7556}") = "DevInterviewCodeTest.Web", "DevInterviewCodeTest.Web\DevInterviewCodeTest.Web.csproj", "{E86D10D6-61FF-4115-AC60-17577B1E8334}"
EndProject
Project("{FAE04EC0-301F-11D3-BF4B-00C04F79EFBC}") = "DevInterviewCodeTest.Services", "DevInterviewCodeTest.Services\DevInterviewCodeTest.Services.csproj", "{EADCD39B-5892-4E47-9AB6-1A1816087FA6}"
EndProject
Global
	GlobalSection(SolutionConfigurationPlatforms) = preSolution
		Debug|Any CPU = Debug|Any CPU
		Release|Any CPU = Release|Any CPU
	EndGlobalSection
	GlobalSection(ProjectConfigurationPlatforms) = postSolution
		{F47E9EE2-CB39-4A00-A999-39A5F5ED629B}.Debug|Any CPU.ActiveCfg = Debug|Any CPU
		{F47E9EE2-CB39-4A00-A999-39A5F5ED629B}.Debug|Any CPU.Build.0 = Debug|Any CPU
		{F47E9EE2-CB39-4A00-A999-39A5F5ED629B}.Release|Any CPU.ActiveCfg = Release|Any CPU
		{F47E9EE2-CB39-4A00-A999-39A5F5ED629B}.Release|Any CPU.Build.0 = Release|Any CPU
		{E86D10D6-61FF-4115-AC60-17577B1E8334}.Debug|Any CPU.ActiveCfg = Debug|Any CPU
		{E86D10D6-61FF-4115-AC60-17577B1E8334}.Debug|Any CPU.Build.0 = Debug|Any CPU
		{E86D10D6-61FF-4115-AC60-17577B1E8334}.Release|Any CPU.ActiveCfg = Release|Any CPU
		{E86D10D6-61FF-4115-AC60-17577B1E8334}.Release|Any CPU.Build.0 = Release|Any CPU
		{EADCD39B-5892-4E47-9AB6-1A1816087FA6}.Debug|Any CPU.ActiveCfg = Debug|Any CPU
		{EADCD39B-5892-4E47-9AB6-1A1816087FA6}.Debug|Any CPU.Build.0 = Debug|Any CPU
		{EADCD39B-5892-4E47-9AB6-1A1816087FA6}.Release|Any CPU.ActiveCfg = Release|Any CPU
		{EADCD39B-5892-4E47-9AB6-1A1816087FA6}.Release|Any CPU.Build.0 = Release|Any CPU
	EndGlobalSection
	GlobalSection(SolutionProperties) = preSolution
		HideSolutionNode = FALSE
	EndGlobalSection
	GlobalSection(ExtensibilityGlobals) = postSolution
		SolutionGuid = {D0FFBB63-7847-4F78-846D-E965841F7C0B}
	EndGlobalSection
EndGlobal
